// !$*UTF8*$!
{
	archiveVersion = 1;
	classes = {
	};
	objectVersion = 46;
	objects = {

/* Begin PBXBuildFile section */
		0D7D4F001E3FE1570019D5C1 /* AppDelegate.swift in Sources */ = {isa = PBXBuildFile; fileRef = 0D7D4EFF1E3FE1570019D5C1 /* AppDelegate.swift */; };
		0D7D4F021E3FE1570019D5C1 /* ViewController.swift in Sources */ = {isa = PBXBuildFile; fileRef = 0D7D4F011E3FE1570019D5C1 /* ViewController.swift */; };
		0D7D4F051E3FE1570019D5C1 /* Main.storyboard in Resources */ = {isa = PBXBuildFile; fileRef = 0D7D4F031E3FE1570019D5C1 /* Main.storyboard */; };
		0D7D4F071E3FE1580019D5C1 /* Assets.xcassets in Resources */ = {isa = PBXBuildFile; fileRef = 0D7D4F061E3FE1580019D5C1 /* Assets.xcassets */; };
		0D7D4F0A1E3FE1580019D5C1 /* LaunchScreen.storyboard in Resources */ = {isa = PBXBuildFile; fileRef = 0D7D4F081E3FE1580019D5C1 /* LaunchScreen.storyboard */; };
		0D7D4F121E3FE2BD0019D5C1 /* Location API.swift in Sources */ = {isa = PBXBuildFile; fileRef = 0D7D4F111E3FE2BD0019D5C1 /* Location API.swift */; };
		0D7D4F141E3FE2CD0019D5C1 /* Weather API.swift in Sources */ = {isa = PBXBuildFile; fileRef = 0D7D4F131E3FE2CD0019D5C1 /* Weather API.swift */; };
/* End PBXBuildFile section */

/* Begin PBXFileReference section */
		0D7D4EFC1E3FE1570019D5C1 /* simpleWeather.app */ = {isa = PBXFileReference; explicitFileType = wrapper.application; includeInIndex = 0; path = simpleWeather.app; sourceTree = BUILT_PRODUCTS_DIR; };
		0D7D4EFF1E3FE1570019D5C1 /* AppDelegate.swift */ = {isa = PBXFileReference; lastKnownFileType = sourcecode.swift; path = AppDelegate.swift; sourceTree = "<group>"; };
		0D7D4F011E3FE1570019D5C1 /* ViewController.swift */ = {isa = PBXFileReference; lastKnownFileType = sourcecode.swift; path = ViewController.swift; sourceTree = "<group>"; };
		0D7D4F041E3FE1570019D5C1 /* Base */ = {isa = PBXFileReference; lastKnownFileType = file.storyboard; name = Base; path = Base.lproj/Main.storyboard; sourceTree = "<group>"; };
		0D7D4F061E3FE1580019D5C1 /* Assets.xcassets */ = {isa = PBXFileReference; lastKnownFileType = folder.assetcatalog; path = Assets.xcassets; sourceTree = "<group>"; };
		0D7D4F091E3FE1580019D5C1 /* Base */ = {isa = PBXFileReference; lastKnownFileType = file.storyboard; name = Base; path = Base.lproj/LaunchScreen.storyboard; sourceTree = "<group>"; };
		0D7D4F0B1E3FE1580019D5C1 /* Info.plist */ = {isa = PBXFileReference; lastKnownFileType = text.plist.xml; path = Info.plist; sourceTree = "<group>"; };
		0D7D4F111E3FE2BD0019D5C1 /* Location API.swift */ = {isa = PBXFileReference; fileEncoding = 4; lastKnownFileType = sourcecode.swift; path = "Location API.swift"; sourceTree = "<group>"; };
		0D7D4F131E3FE2CD0019D5C1 /* Weather API.swift */ = {isa = PBXFileReference; fileEncoding = 4; lastKnownFileType = sourcecode.swift; path = "Weather API.swift"; sourceTree = "<group>"; };
/* End PBXFileReference section */

/* Begin PBXFrameworksBuildPhase section */
		0D7D4EF91E3FE1570019D5C1 /* Frameworks */ = {
			isa = PBXFrameworksBuildPhase;
			buildActionMask = 2147483647;
			files = (
			);
			runOnlyForDeploymentPostprocessing = 0;
		};
/* End PBXFrameworksBuildPhase section */

/* Begin PBXGroup section */
		0D7D4EF31E3FE1570019D5C1 = {
			isa = PBXGroup;
			children = (
				0D7D4EFE1E3FE1570019D5C1 /* simpleWeather */,
				0D7D4EFD1E3FE1570019D5C1 /* Products */,
			);
			sourceTree = "<group>";
		};
		0D7D4EFD1E3FE1570019D5C1 /* Products */ = {
			isa = PBXGroup;
			children = (
				0D7D4EFC1E3FE1570019D5C1 /* simpleWeather.app */,
			);
			name = Products;
			sourceTree = "<group>";
		};
		0D7D4EFE1E3FE1570019D5C1 /* simpleWeather */ = {
			isa = PBXGroup;
			children = (
				0D7D4EFF1E3FE1570019D5C1 /* AppDelegate.swift */,
				0D7D4F011E3FE1570019D5C1 /* ViewController.swift */,
				0D7D4F111E3FE2BD0019D5C1 /* Location API.swift */,
				0D7D4F131E3FE2CD0019D5C1 /* Weather API.swift */,
				0D7D4F031E3FE1570019D5C1 /* Main.storyboard */,
				0D7D4F061E3FE1580019D5C1 /* Assets.xcassets */,
				0D7D4F081E3FE1580019D5C1 /* LaunchScreen.storyboard */,
				0D7D4F0B1E3FE1580019D5C1 /* Info.plist */,
			);
			path = simpleWeather;
			sourceTree = "<group>";
		};
/* End PBXGroup section */

/* Begin PBXNativeTarget section */
		0D7D4EFB1E3FE1570019D5C1 /* simpleWeather */ = {
			isa = PBXNativeTarget;
			buildConfigurationList = 0D7D4F0E1E3FE1580019D5C1 /* Build configuration list for PBXNativeTarget "simpleWeather" */;
			buildPhases = (
				0D7D4EF81E3FE1570019D5C1 /* Sources */,
				0D7D4EF91E3FE1570019D5C1 /* Frameworks */,
				0D7D4EFA1E3FE1570019D5C1 /* Resources */,
			);
			buildRules = (
			);
			dependencies = (
			);
			name = simpleWeather;
			productName = simpleWeather;
			productReference = 0D7D4EFC1E3FE1570019D5C1 /* simpleWeather.app */;
			productType = "com.apple.product-type.application";
		};
/* End PBXNativeTarget section */

/* Begin PBXProject section */
		0D7D4EF41E3FE1570019D5C1 /* Project object */ = {
			isa = PBXProject;
			attributes = {
				LastSwiftUpdateCheck = 0820;
				LastUpgradeCheck = 0820;
				ORGANIZATIONNAME = "Warren Hansen";
				TargetAttributes = {
					0D7D4EFB1E3FE1570019D5C1 = {
						CreatedOnToolsVersion = 8.2.1;
						DevelopmentTeam = 22U4CL887R;
						ProvisioningStyle = Automatic;
					};
				};
			};
			buildConfigurationList = 0D7D4EF71E3FE1570019D5C1 /* Build configuration list for PBXProject "simpleWeather" */;
			compatibilityVersion = "Xcode 3.2";
			developmentRegion = English;
			hasScannedForEncodings = 0;
			knownRegions = (
				en,
				Base,
			);
			mainGroup = 0D7D4EF31E3FE1570019D5C1;
			productRefGroup = 0D7D4EFD1E3FE1570019D5C1 /* Products */;
			projectDirPath = "";
			projectRoot = "";
			targets = (
				0D7D4EFB1E3FE1570019D5C1 /* simpleWeather */,
			);
		};
/* End PBXProject section */

/* Begin PBXResourcesBuildPhase section */
		0D7D4EFA1E3FE1570019D5C1 /* Resources */ = {
			isa = PBXResourcesBuildPhase;
			buildActionMask = 2147483647;
			files = (
				0D7D4F0A1E3FE1580019D5C1 /* LaunchScreen.storyboard in Resources */,
				0D7D4F071E3FE1580019D5C1 /* Assets.xcassets in Resources */,
				0D7D4F051E3FE1570019D5C1 /* Main.storyboard in Resources */,
			);
			runOnlyForDeploymentPostprocessing = 0;
		};
/* End PBXResourcesBuildPhase section */

/* Begin PBXSourcesBuildPhase section */
		0D7D4EF81E3FE1570019D5C1 /* Sources */ = {
			isa = PBXSourcesBuildPhase;
			buildActionMask = 2147483647;
			files = (
				0D7D4F121E3FE2BD0019D5C1 /* Location API.swift in Sources */,
				0D7D4F021E3FE1570019D5C1 /* ViewController.swift in Sources */,
				0D7D4F141E3FE2CD0019D5C1 /* Weather API.swift in Sources */,
				0D7D4F001E3FE1570019D5C1 /* AppDelegate.swift in Sources */,
			);
			runOnlyForDeploymentPostprocessing = 0;
		};
/* End PBXSourcesBuildPhase section */

/* Begin PBXVariantGroup section */
		0D7D4F031E3FE1570019D5C1 /* Main.storyboard */ = {
			isa = PBXVariantGroup;
			children = (
				0D7D4F041E3FE1570019D5C1 /* Base */,
			);
			name = Main.storyboard;
			sourceTree = "<group>";
		};
		0D7D4F081E3FE1580019D5C1 /* LaunchScreen.storyboard */ = {
			isa = PBXVariantGroup;
			children = (
				0D7D4F091E3FE1580019D5C1 /* Base */,
			);
			name = LaunchScreen.storyboard;
			sourceTree = "<group>";
		};
/* End PBXVariantGroup section */

/* Begin XCBuildConfiguration section */
		0D7D4F0C1E3FE1580019D5C1 /* Debug */ = {
			isa = XCBuildConfiguration;
			buildSettings = {
				ALWAYS_SEARCH_USER_PATHS = NO;
				CLANG_ANALYZER_NONNULL = YES;
				CLANG_CXX_LANGUAGE_STANDARD = "gnu++0x";
				CLANG_CXX_LIBRARY = "libc++";
				CLANG_ENABLE_MODULES = YES;
				CLANG_ENABLE_OBJC_ARC = YES;
				CLANG_WARN_BOOL_CONVERSION = YES;
				CLANG_WARN_CONSTANT_CONVERSION = YES;
				CLANG_WARN_DIRECT_OBJC_ISA_USAGE = YES_ERROR;
				CLANG_WARN_DOCUMENTATION_COMMENTS = YES;
				CLANG_WARN_EMPTY_BODY = YES;
				CLANG_WARN_ENUM_CONVERSION = YES;
				CLANG_WARN_INFINITE_RECURSION = YES;
				CLANG_WARN_INT_CONVERSION = YES;
				CLANG_WARN_OBJC_ROOT_CLASS = YES_ERROR;
				CLANG_WARN_SUSPICIOUS_MOVE = YES;
				CLANG_WARN_UNREACHABLE_CODE = YES;
				CLANG_WARN__DUPLICATE_METHOD_MATCH = YES;
				"CODE_SIGN_IDENTITY[sdk=iphoneos*]" = "iPhone Developer";
				COPY_PHASE_STRIP = NO;
				DEBUG_INFORMATION_FORMAT = dwarf;
				ENABLE_STRICT_OBJC_MSGSEND = YES;
				ENABLE_TESTABILITY = YES;
				GCC_C_LANGUAGE_STANDARD = gnu99;
				GCC_DYNAMIC_NO_PIC = NO;
				GCC_NO_COMMON_BLOCKS = YES;
				GCC_OPTIMIZATION_LEVEL = 0;
				GCC_PREPROCESSOR_DEFINITIONS = (
					"DEBUG=1",
					"$(inherited)",
				);
				GCC_WARN_64_TO_32_BIT_CONVERSION = YES;
				GCC_WARN_ABOUT_RETURN_TYPE = YES_ERROR;
				GCC_WARN_UNDECLARED_SELECTOR = YES;
				GCC_WARN_UNINITIALIZED_AUTOS = YES_AGGRESSIVE;
				GCC_WARN_UNUSED_FUNCTION = YES;
				GCC_WARN_UNUSED_VARIABLE = YES;
				IPHONEOS_DEPLOYMENT_TARGET = 10.2;
				MTL_ENABLE_DEBUG_INFO = YES;
				ONLY_ACTIVE_ARCH = YES;
				SDKROOT = iphoneos;
				SWIFT_ACTIVE_COMPILATION_CONDITIONS = DEBUG;
				SWIFT_OPTIMIZATION_LEVEL = "-Onone";
			};
			name = Debug;
		};
		0D7D4F0D1E3FE1580019D5C1 /* Release */ = {
			isa = XCBuildConfiguration;
			buildSettings = {
				ALWAYS_SEARCH_USER_PATHS = NO;
				CLANG_ANALYZER_NONNULL = YES;
				CLANG_CXX_LANGUAGE_STANDARD = "gnu++0x";
				CLANG_CXX_LIBRARY = "libc++";
				CLANG_ENABLE_MODULES = YES;
				CLANG_ENABLE_OBJC_ARC = YES;
				CLANG_WARN_BOOL_CONVERSION = YES;
				CLANG_WARN_CONSTANT_CONVERSION = YES;
				CLANG_WARN_DIRECT_OBJC_ISA_USAGE = YES_ERROR;
				CLANG_WARN_DOCUMENTATION_COMMENTS = YES;
				CLANG_WARN_EMPTY_BODY = YES;
				CLANG_WARN_ENUM_CONVERSION = YES;
				CLANG_WARN_INFINITE_RECURSION = YES;
				CLANG_WARN_INT_CONVERSION = YES;
				CLANG_WARN_OBJC_ROOT_CLASS = YES_ERROR;
				CLANG_WARN_SUSPICIOUS_MOVE = YES;
				CLANG_WARN_UNREACHABLE_CODE = YES;
				CLANG_WARN__DUPLICATE_METHOD_MATCH = YES;
				"CODE_SIGN_IDENTITY[sdk=iphoneos*]" = "iPhone Developer";
				COPY_PHASE_STRIP = NO;
				DEBUG_INFORMATION_FORMAT = "dwarf-with-dsym";
				ENABLE_NS_ASSERTIONS = NO;
				ENABLE_STRICT_OBJC_MSGSEND = YES;
				GCC_C_LANGUAGE_STANDARD = gnu99;
				GCC_NO_COMMON_BLOCKS = YES;
				GCC_WARN_64_TO_32_BIT_CONVERSION = YES;
				GCC_WARN_ABOUT_RETURN_TYPE = YES_ERROR;
				GCC_WARN_UNDECLARED_SELECTOR = YES;
				GCC_WARN_UNINITIALIZED_AUTOS = YES_AGGRESSIVE;
				GCC_WARN_UNUSED_FUNCTION = YES;
				GCC_WARN_UNUSED_VARIABLE = YES;
				IPHONEOS_DEPLOYMENT_TARGET = 10.2;
				MTL_ENABLE_DEBUG_INFO = NO;
				SDKROOT = iphoneos;
				SWIFT_OPTIMIZATION_LEVEL = "-Owholemodule";
				VALIDATE_PRODUCT = YES;
			};
			name = Release;
		};
		0D7D4F0F1E3FE1580019D5C1 /* Debug */ = {
			isa = XCBuildConfiguration;
			buildSettings = {
				ASSETCATALOG_COMPILER_APPICON_NAME = AppIcon;
				DEVELOPMENT_TEAM = 22U4CL887R;
				INFOPLIST_FILE = simpleWeather/Info.plist;
				LD_RUNPATH_SEARCH_PATHS = "$(inherited) @executable_path/Frameworks";
				PRODUCT_BUNDLE_IDENTIFIER = TradeStrat.simpleWeather;
				PRODUCT_NAME = "$(TARGET_NAME)";
				SWIFT_VERSION = 3.0;
			};
			name = Debug;
		};
		0D7D4F101E3FE1580019D5C1 /* Release */ = {
			isa = XCBuildConfiguration;
			buildSettings = {
				ASSETCATALOG_COMPILER_APPICON_NAME = AppIcon;
				DEVELOPMENT_TEAM = 22U4CL887R;
				INFOPLIST_FILE = simpleWeather/Info.plist;
				LD_RUNPATH_SEARCH_PATHS = "$(inherited) @executable_path/Frameworks";
				PRODUCT_BUNDLE_IDENTIFIER = TradeStrat.simpleWeather;
				PRODUCT_NAME = "$(TARGET_NAME)";
				SWIFT_VERSION = 3.0;
			};
			name = Release;
		};
/* End XCBuildConfiguration section */

/* Begin XCConfigurationList section */
		0D7D4EF71E3FE1570019D5C1 /* Build configuration list for PBXProject "simpleWeather" */ = {
			isa = XCConfigurationList;
			buildConfigurations = (
				0D7D4F0C1E3FE1580019D5C1 /* Debug */,
				0D7D4F0D1E3FE1580019D5C1 /* Release */,
			);
			defaultConfigurationIsVisible = 0;
			defaultConfigurationName = Release;
		};
		0D7D4F0E1E3FE1580019D5C1 /* Build configuration list for PBXNativeTarget "simpleWeather" */ = {
			isa = XCConfigurationList;
			buildConfigurations = (
				0D7D4F0F1E3FE1580019D5C1 /* Debug */,
				0D7D4F101E3FE1580019D5C1 /* Release */,
			);
			defaultConfigurationIsVisible = 0;
		};
/* End XCConfigurationList section */
	};
	rootObject = 0D7D4EF41E3FE1570019D5C1 /* Project object */;
}
